// !$*UTF8*$!
{ "archiveVersion" = "1"; "classes" = {  }; "objectVersion" = "56"; "objects" = { "93AA47246719041A1D8C22B3" = { "isa" = "PBXFileReference"; "lastKnownFileType" = "sourcecode.swift"; "path" = "Shared/VoiceApp.swift"; "sourceTree" = "<group>"; }; "38AB8195E1DDEEE10684154F" = { "isa" = "PBXBuildFile"; "fileRef" = "93AA47246719041A1D8C22B3"; }; "CD32C370EE26F454119B1DEB" = { "isa" = "PBXFileReference"; "lastKnownFileType" = "sourcecode.swift"; "path" = "Shared/VoiceModel.swift"; "sourceTree" = "<group>"; }; "6322EE67EF05038065480347" = { "isa" = "PBXBuildFile"; "fileRef" = "CD32C370EE26F454119B1DEB"; }; "1D84E20EF1B481360D9BD4F0" = { "isa" = "PBXFileReference"; "lastKnownFileType" = "sourcecode.swift"; "path" = "Shared/VoiceTransport.swift"; "sourceTree" = "<group>"; }; "67A3506AC5FCB7C437C6753D" = { "isa" = "PBXBuildFile"; "fileRef" = "1D84E20EF1B481360D9BD4F0"; }; "226238C4DA0F58536977072B" = { "isa" = "PBXFileReference"; "lastKnownFileType" = "sourcecode.swift"; "path" = "Shared/CaptureController.swift"; "sourceTree" = "<group>"; }; "6F819A30D281F37F27D5E2E2" = { "isa" = "PBXBuildFile"; "fileRef" = "226238C4DA0F58536977072B"; }; "7964851A25DB513278F96CEF" = { "isa" = "PBXFileReference"; "lastKnownFileType" = "sourcecode.swift"; "path" = "VoiceCore/Sources/VoiceCore/WatchDestination.swift"; "sourceTree" = "<group>"; }; "E98CDF20C86B94366ABE4583" = { "isa" = "PBXBuildFile"; "fileRef" = "7964851A25DB513278F96CEF"; }; "F39EA5AE545EAA56B385C3C0" = { "isa" = "PBXFileReference"; "lastKnownFileType" = "sourcecode.swift"; "path" = "VoiceCore/Sources/VoiceCore/Store.swift"; "sourceTree" = "<group>"; }; "993019843EC17304BED6542D" = { "isa" = "PBXBuildFile"; "fileRef" = "F39EA5AE545EAA56B385C3C0"; }; "E7F2A5F55BCACAA4DD4798C2" = { "isa" = "PBXFileReference"; "lastKnownFileType" = "sourcecode.swift"; "path" = "VoiceCore/Sources/VoiceCore/Envelope.swift"; "sourceTree" = "<group>"; }; "067F7CB579F3CED13C2B84AD" = { "isa" = "PBXBuildFile"; "fileRef" = "E7F2A5F55BCACAA4DD4798C2"; }; "DD54FCB9079085D2DDD2F2A0" = { "isa" = "PBXFileReference"; "lastKnownFileType" = "sourcecode.swift"; "path" = "VoiceCore/Sources/VoiceCore/Chunks.swift"; "sourceTree" = "<group>"; }; "FC2B85CA34779CF042744CA4" = { "isa" = "PBXBuildFile"; "fileRef" = "DD54FCB9079085D2DDD2F2A0"; }; "E8F374742C2155922813D0AF" = { "isa" = "PBXFileReference"; "lastKnownFileType" = "sourcecode.swift"; "path" = "VoiceCore/Sources/VoiceCore/CaptureStartGate.swift"; "sourceTree" = "<group>"; }; "9361977EA76F7CFFDE1D7C4B" = { "isa" = "PBXBuildFile"; "fileRef" = "E8F374742C2155922813D0AF"; }; "E637635E21BB0CB01A3A3B56" = { "isa" = "PBXFileReference"; "lastKnownFileType" = "sourcecode.swift"; "path" = "VoiceCore/Sources/VoiceCore/StorageInventory.swift"; "sourceTree" = "<group>"; }; "8C1FCC0A6CCA75AD899C15DA" = { "isa" = "PBXBuildFile"; "fileRef" = "E637635E21BB0CB01A3A3B56"; }; "48D92BA3DF269EBB9B5614C8" = { "isa" = "PBXFileReference"; "lastKnownFileType" = "sourcecode.swift"; "path" = "VoiceCore/Sources/VoiceCore/Jobs.swift"; "sourceTree" = "<group>"; }; "4D04BD2EF7613F271A000C85" = { "isa" = "PBXBuildFile"; "fileRef" = "48D92BA3DF269EBB9B5614C8"; }; "2425DEBE1A967F71C421D499" = { "isa" = "PBXFileReference"; "lastKnownFileType" = "sourcecode.swift"; "path" = "VoiceCore/Sources/VoiceCore/JobProcessor.swift"; "sourceTree" = "<group>"; }; "D2732701FF21890E88E00790" = { "isa" = "PBXBuildFile"; "fileRef" = "2425DEBE1A967F71C421D499"; }; "4AECC7269A68FA5790D86D99" = { "isa" = "PBXFileReference"; "lastKnownFileType" = "sourcecode.swift"; "path" = "VoiceCore/Sources/VoiceCore/ProcessingDeadline.swift"; "sourceTree" = "<group>"; }; "315F27F72250A88B208D2FDA" = { "isa" = "PBXBuildFile"; "fileRef" = "4AECC7269A68FA5790D86D99"; }; "93F37C75DEC19DCBAB9CA01C" = { "isa" = "PBXFileReference"; "lastKnownFileType" = "sourcecode.swift"; "path" = "VoiceCore/Sources/VoiceCore/ResponsePolicy.swift"; "sourceTree" = "<group>"; }; "C5F8B3CC5D3D4D70F20D1C98" = { "isa" = "PBXBuildFile"; "fileRef" = "93F37C75DEC19DCBAB9CA01C"; }; "1FD1C370A26D02BBADE52F86" = { "isa" = "PBXFileReference"; "lastKnownFileType" = "sourcecode.swift"; "path" = "VoiceCore/Sources/VoiceCore/Meetings.swift"; "sourceTree" = "<group>"; }; "27FB48F043DC1C27B9B648D1" = { "isa" = "PBXBuildFile"; "fileRef" = "1FD1C370A26D02BBADE52F86"; }; "6CD480431238C632BE3B935F" = { "isa" = "PBXFileReference"; "lastKnownFileType" = "sourcecode.swift"; "path" = "iPhone/LocalProviders.swift"; "sourceTree" = "<group>"; }; "E0FA76B1BBBCF62EFB002A65" = { "isa" = "PBXBuildFile"; "fileRef" = "6CD480431238C632BE3B935F"; }; "628C2A90778E7022907D5318" = { "isa" = "PBXFileReference"; "lastKnownFileType" = "sourcecode.swift"; "path" = "iPhone/CPULocalProviders.swift"; "sourceTree" = "<group>"; }; "D1C082B5E1486609D47B90DA" = { "isa" = "PBXBuildFile"; "fileRef" = "628C2A90778E7022907D5318"; }; "F5829E5A2AA74C3BC592B241" = { "isa" = "PBXFileReference"; "lastKnownFileType" = "sourcecode.swift"; "path" = "iPhone/InferenceCancellation.swift"; "sourceTree" = "<group>"; }; "1D710D691DFFCEE7523F5559" = { "isa" = "PBXBuildFile"; "fileRef" = "F5829E5A2AA74C3BC592B241"; }; "46400502F55B6556A2AC9F90" = { "isa" = "PBXFileReference"; "lastKnownFileType" = "sourcecode.swift"; "path" = "iPhone/ModelLibrary.swift"; "sourceTree" = "<group>"; }; "AFD4A50365702232E11FE18C" = { "isa" = "PBXBuildFile"; "fileRef" = "46400502F55B6556A2AC9F90"; }; "D5896EA44961339F35970260" = { "isa" = "PBXFileReference"; "lastKnownFileType" = "sourcecode.swift"; "path" = "iPhone/ModelPanel.swift"; "sourceTree" = "<group>"; }; "E1EF1A6E74A4340E84287DBE" = { "isa" = "PBXBuildFile"; "fileRef" = "D5896EA44961339F35970260"; }; "4FD04D685B8689C3B8D48C04" = { "isa" = "PBXFileReference"; "lastKnownFileType" = "sourcecode.swift"; "path" = "iPhone/MeetingLibrary.swift"; "sourceTree" = "<group>"; }; "194D2CA50CF4D676245D2310" = { "isa" = "PBXBuildFile"; "fileRef" = "4FD04D685B8689C3B8D48C04"; }; "71007C43EBC3DE2F7C5E81EB" = { "isa" = "PBXFileReference"; "lastKnownFileType" = "sourcecode.cpp.objcpp"; "path" = "iPhone/Engines/Cancellation.mm"; "sourceTree" = "<group>"; }; "A9BC659631EBCAA7AC24E9FB" = { "isa" = "PBXBuildFile"; "fileRef" = "71007C43EBC3DE2F7C5E81EB"; }; "BA3F62E423C4FEB3158D2D65" = { "isa" = "PBXFileReference"; "lastKnownFileType" = "sourcecode.cpp.objcpp"; "path" = "iPhone/Engines/WhisperBridge.mm"; "sourceTree" = "<group>"; }; "01521CE1F595C1D6F122387F" = { "isa" = "PBXBuildFile"; "fileRef" = "BA3F62E423C4FEB3158D2D65"; }; "ECFA044EC4FD628B68DFDCE9" = { "isa" = "PBXFileReference"; "lastKnownFileType" = "sourcecode.cpp.objcpp"; "path" = "iPhone/Engines/LlamaBridge.mm"; "sourceTree" = "<group>"; }; "C41E96CC85B06B95C7979739" = { "isa" = "PBXBuildFile"; "fileRef" = "ECFA044EC4FD628B68DFDCE9"; }; "9DA8FA1080C85C8055C88789" = { "isa" = "PBXSourcesBuildPhase"; "buildActionMask" = "2147483647"; "files" = ("38AB8195E1DDEEE10684154F","6322EE67EF05038065480347","67A3506AC5FCB7C437C6753D","6F819A30D281F37F27D5E2E2","E98CDF20C86B94366ABE4583","993019843EC17304BED6542D","067F7CB579F3CED13C2B84AD","FC2B85CA34779CF042744CA4","9361977EA76F7CFFDE1D7C4B","8C1FCC0A6CCA75AD899C15DA","4D04BD2EF7613F271A000C85","D2732701FF21890E88E00790","315F27F72250A88B208D2FDA","C5F8B3CC5D3D4D70F20D1C98","27FB48F043DC1C27B9B648D1","E0FA76B1BBBCF62EFB002A65","D1C082B5E1486609D47B90DA","1D710D691DFFCEE7523F5559","AFD4A50365702232E11FE18C","E1EF1A6E74A4340E84287DBE","194D2CA50CF4D676245D2310","A9BC659631EBCAA7AC24E9FB","01521CE1F595C1D6F122387F","C41E96CC85B06B95C7979739"); "runOnlyForDeploymentPostprocessing" = "0"; }; "F8C497956D6D0B3A299D97C3" = { "isa" = "PBXFrameworksBuildPhase"; "buildActionMask" = "2147483647"; "files" = ("EC4CFD1B26DE48E0519B0692","23580D97394B1C5905899094"); "runOnlyForDeploymentPostprocessing" = "0"; }; "E4567AA8B741B4AFE08DB80D" = { "isa" = "PBXFileReference"; "explicitFileType" = "wrapper.application"; "includeInIndex" = "0"; "path" = "VoicePhone.app"; "sourceTree" = "BUILT_PRODUCTS_DIR"; }; "D6CCE11B6978FCC57C4B95D4" = { "isa" = "PBXFileReference"; "lastKnownFileType" = "folder.assetcatalog"; "path" = "Shared/Assets.xcassets"; "sourceTree" = "<group>"; }; "FFF5A69046E653E26B5928FD" = { "isa" = "PBXBuildFile"; "fileRef" = "D6CCE11B6978FCC57C4B95D4"; }; "D304580B235B200BF3B4C676" = { "isa" = "PBXResourcesBuildPhase"; "buildActionMask" = "2147483647"; "files" = ("FFF5A69046E653E26B5928FD"); "runOnlyForDeploymentPostprocessing" = "0"; }; "C7011B63688BDC84F5734821" = { "isa" = "PBXFileReference"; "lastKnownFileType" = "wrapper.xcframework"; "path" = "Vendor/whisper.xcframework"; "sourceTree" = "<group>"; }; "EC4CFD1B26DE48E0519B0692" = { "isa" = "PBXBuildFile"; "fileRef" = "C7011B63688BDC84F5734821"; }; "CD761970C3332F1508C65F5D" = { "isa" = "PBXBuildFile"; "fileRef" = "C7011B63688BDC84F5734821"; "settings" = { "ATTRIBUTES" = ("CodeSignOnCopy","RemoveHeadersOnCopy"); }; }; "5AA56A9F3F9D3D141E6DC7C0" = { "isa" = "PBXFileReference"; "lastKnownFileType" = "wrapper.xcframework"; "path" = "Vendor/llama.xcframework"; "sourceTree" = "<group>"; }; "23580D97394B1C5905899094" = { "isa" = "PBXBuildFile"; "fileRef" = "5AA56A9F3F9D3D141E6DC7C0"; }; "D2BC5392206A4A8C5B6AFC1A" = { "isa" = "PBXBuildFile"; "fileRef" = "5AA56A9F3F9D3D141E6DC7C0"; "settings" = { "ATTRIBUTES" = ("CodeSignOnCopy","RemoveHeadersOnCopy"); }; }; "9133009309DFD89CE75FDA9F" = { "isa" = "PBXCopyFilesBuildPhase"; "buildActionMask" = "2147483647"; "dstPath" = ""; "dstSubfolderSpec" = "10"; "files" = ("CD761970C3332F1508C65F5D","D2BC5392206A4A8C5B6AFC1A"); "name" = "Embed iPhone Engines"; "runOnlyForDeploymentPostprocessing" = "0"; }; "6AD395B43922CFAB9D866852" = { "isa" = "XCBuildConfiguration"; "name" = "Debug"; "buildSettings" = { "PRODUCT_NAME" = "VoicePhone"; "PRODUCT_BUNDLE_IDENTIFIER" = "de.localvoice.prototype"; "INFOPLIST_FILE" = "VoicePhone-Info.plist"; "SDKROOT" = "iphoneos"; "SWIFT_VERSION" = "5.0"; "TARGETED_DEVICE_FAMILY" = "1"; "CODE_SIGN_STYLE" = "Automatic"; "GENERATE_INFOPLIST_FILE" = "NO"; "SUPPORTED_PLATFORMS" = "iphoneos iphonesimulator"; "IPHONEOS_DEPLOYMENT_TARGET" = "26.0"; "WATCHOS_DEPLOYMENT_TARGET" = "26.0"; "ENABLE_USER_SCRIPT_SANDBOXING" = "YES"; "ASSETCATALOG_COMPILER_APPICON_NAME" = "AppIcon"; "SWIFT_OBJC_BRIDGING_HEADER" = "iPhone/Engines/LVEngines.h"; "CLANG_CXX_LANGUAGE_STANDARD" = "c++17"; "LD_RUNPATH_SEARCH_PATHS" = "$(inherited) @executable_path/Frameworks"; "SWIFT_OPTIMIZATION_LEVEL" = "-Onone"; "DEBUG_INFORMATION_FORMAT" = "dwarf"; "SWIFT_ACTIVE_COMPILATION_CONDITIONS" = "DEBUG"; }; }; "F02DD5AFB2C6EC4AC8595C89" = { "isa" = "XCBuildConfiguration"; "name" = "Release"; "buildSettings" = { "PRODUCT_NAME" = "VoicePhone"; "PRODUCT_BUNDLE_IDENTIFIER" = "de.localvoice.prototype"; "INFOPLIST_FILE" = "VoicePhone-Info.plist"; "SDKROOT" = "iphoneos"; "SWIFT_VERSION" = "5.0"; "TARGETED_DEVICE_FAMILY" = "1"; "CODE_SIGN_STYLE" = "Automatic"; "GENERATE_INFOPLIST_FILE" = "NO"; "SUPPORTED_PLATFORMS" = "iphoneos iphonesimulator"; "IPHONEOS_DEPLOYMENT_TARGET" = "26.0"; "WATCHOS_DEPLOYMENT_TARGET" = "26.0"; "ENABLE_USER_SCRIPT_SANDBOXING" = "YES"; "ASSETCATALOG_COMPILER_APPICON_NAME" = "AppIcon"; "SWIFT_OBJC_BRIDGING_HEADER" = "iPhone/Engines/LVEngines.h"; "CLANG_CXX_LANGUAGE_STANDARD" = "c++17"; "LD_RUNPATH_SEARCH_PATHS" = "$(inherited) @executable_path/Frameworks"; "SWIFT_OPTIMIZATION_LEVEL" = "-O"; }; }; "6B5AA7D88B0D0E97700CD463" = { "isa" = "XCConfigurationList"; "buildConfigurations" = ("6AD395B43922CFAB9D866852","F02DD5AFB2C6EC4AC8595C89"); "defaultConfigurationIsVisible" = "0"; "defaultConfigurationName" = "Debug"; }; "131AD4438704C4AF049748E6" = { "isa" = "PBXNativeTarget"; "buildConfigurationList" = "6B5AA7D88B0D0E97700CD463"; "buildPhases" = ("9DA8FA1080C85C8055C88789","F8C497956D6D0B3A299D97C3","D304580B235B200BF3B4C676","9133009309DFD89CE75FDA9F","3737E4446274995550B63EFE"); "buildRules" = (); "dependencies" = ("F895A9E636932414E5B79B0A"); "name" = "VoicePhone"; "productName" = "VoicePhone"; "productReference" = "E4567AA8B741B4AFE08DB80D"; "productType" = "com.apple.product-type.application"; }; "B22BECE1B66B26009C0DF417" = { "isa" = "PBXBuildFile"; "fileRef" = "93AA47246719041A1D8C22B3"; }; "4E810740A917EC95E72EB02D" = { "isa" = "PBXBuildFile"; "fileRef" = "CD32C370EE26F454119B1DEB"; }; "4D7B3DAA9B1ECC47401B3790" = { "isa" = "PBXBuildFile"; "fileRef" = "1D84E20EF1B481360D9BD4F0"; }; "83F9846087CDF2B500DA4E86" = { "isa" = "PBXBuildFile"; "fileRef" = "226238C4DA0F58536977072B"; }; "60BBC6E93F8B5512B6BB9F93" = { "isa" = "PBXBuildFile"; "fileRef" = "7964851A25DB513278F96CEF"; }; "0D3F9368F8480C8423DF7211" = { "isa" = "PBXBuildFile"; "fileRef" = "F39EA5AE545EAA56B385C3C0"; }; "5B1B70C0FC85BC1D368A1AD6" = { "isa" = "PBXBuildFile"; "fileRef" = "E7F2A5F55BCACAA4DD4798C2"; }; "2A4624F44FB9630FF287CE03" = { "isa" = "PBXBuildFile"; "fileRef" = "DD54FCB9079085D2DDD2F2A0"; }; "7159B76635F23A2CCF48DD58" = { "isa" = "PBXBuildFile"; "fileRef" = "E8F374742C2155922813D0AF"; }; "87E0CBB60519C9657F3C5D39" = { "isa" = "PBXBuildFile"; "fileRef" = "E637635E21BB0CB01A3A3B56"; }; "4FC3A1AEEED1666CBD5AAAD1" = { "isa" = "PBXBuildFile"; "fileRef" = "48D92BA3DF269EBB9B5614C8"; }; "85E68D918B2109B501A7CDDA" = { "isa" = "PBXBuildFile"; "fileRef" = "2425DEBE1A967F71C421D499"; }; "88F45EFC14C61445220AA08E" = { "isa" = "PBXBuildFile"; "fileRef" = "4AECC7269A68FA5790D86D99"; }; "BFD238FE123775BCB1007CD7" = { "isa" = "PBXBuildFile"; "fileRef" = "93F37C75DEC19DCBAB9CA01C"; }; "D7659A7872328DFDF55509EC" = { "isa" = "PBXSourcesBuildPhase"; "buildActionMask" = "2147483647"; "files" = ("B22BECE1B66B26009C0DF417","4E810740A917EC95E72EB02D","4D7B3DAA9B1ECC47401B3790","83F9846087CDF2B500DA4E86","60BBC6E93F8B5512B6BB9F93","0D3F9368F8480C8423DF7211","5B1B70C0FC85BC1D368A1AD6","2A4624F44FB9630FF287CE03","7159B76635F23A2CCF48DD58","87E0CBB60519C9657F3C5D39","4FC3A1AEEED1666CBD5AAAD1","85E68D918B2109B501A7CDDA","88F45EFC14C61445220AA08E","BFD238FE123775BCB1007CD7"); "runOnlyForDeploymentPostprocessing" = "0"; }; "554694481AB2023C4EF9082C" = { "isa" = "PBXFrameworksBuildPhase"; "buildActionMask" = "2147483647"; "files" = (); "runOnlyForDeploymentPostprocessing" = "0"; }; "6AFEACA7E602C405ED5660CB" = { "isa" = "PBXFileReference"; "explicitFileType" = "wrapper.application"; "includeInIndex" = "0"; "path" = "VoiceWatch.app"; "sourceTree" = "BUILT_PRODUCTS_DIR"; }; "76E7A1ACBCF0C0EA9E8E880C" = { "isa" = "PBXBuildFile"; "fileRef" = "D6CCE11B6978FCC57C4B95D4"; }; "94259266700A3DE7B4283234" = { "isa" = "PBXResourcesBuildPhase"; "buildActionMask" = "2147483647"; "files" = ("76E7A1ACBCF0C0EA9E8E880C"); "runOnlyForDeploymentPostprocessing" = "0"; }; "039D97EE760964931415A67E" = { "isa" = "XCBuildConfiguration"; "name" = "Debug"; "buildSettings" = { "PRODUCT_NAME" = "VoiceWatch"; "PRODUCT_BUNDLE_IDENTIFIER" = "de.localvoice.prototype.watchkitapp"; "INFOPLIST_FILE" = "VoiceWatch-Info.plist"; "SDKROOT" = "watchos"; "SWIFT_VERSION" = "5.0"; "TARGETED_DEVICE_FAMILY" = "4"; "CODE_SIGN_STYLE" = "Automatic"; "GENERATE_INFOPLIST_FILE" = "NO"; "SUPPORTED_PLATFORMS" = "watchos watchsimulator"; "IPHONEOS_DEPLOYMENT_TARGET" = "26.0"; "WATCHOS_DEPLOYMENT_TARGET" = "26.0"; "ENABLE_USER_SCRIPT_SANDBOXING" = "YES"; "ASSETCATALOG_COMPILER_APPICON_NAME" = "AppIcon"; "SWIFT_OPTIMIZATION_LEVEL" = "-Onone"; "DEBUG_INFORMATION_FORMAT" = "dwarf"; "SWIFT_ACTIVE_COMPILATION_CONDITIONS" = "DEBUG"; }; }; "87580951607C9CB2DA0901F6" = { "isa" = "XCBuildConfiguration"; "name" = "Release"; "buildSettings" = { "PRODUCT_NAME" = "VoiceWatch"; "PRODUCT_BUNDLE_IDENTIFIER" = "de.localvoice.prototype.watchkitapp"; "INFOPLIST_FILE" = "VoiceWatch-Info.plist"; "SDKROOT" = "watchos"; "SWIFT_VERSION" = "5.0"; "TARGETED_DEVICE_FAMILY" = "4"; "CODE_SIGN_STYLE" = "Automatic"; "GENERATE_INFOPLIST_FILE" = "NO"; "SUPPORTED_PLATFORMS" = "watchos watchsimulator"; "IPHONEOS_DEPLOYMENT_TARGET" = "26.0"; "WATCHOS_DEPLOYMENT_TARGET" = "26.0"; "ENABLE_USER_SCRIPT_SANDBOXING" = "YES"; "ASSETCATALOG_COMPILER_APPICON_NAME" = "AppIcon"; "SWIFT_OPTIMIZATION_LEVEL" = "-O"; }; }; "8F5BA3D467CB738D8FF2DC92" = { "isa" = "XCConfigurationList"; "buildConfigurations" = ("039D97EE760964931415A67E","87580951607C9CB2DA0901F6"); "defaultConfigurationIsVisible" = "0"; "defaultConfigurationName" = "Debug"; }; "B2478F9F43411C4E58DA506C" = { "isa" = "PBXNativeTarget"; "buildConfigurationList" = "8F5BA3D467CB738D8FF2DC92"; "buildPhases" = ("D7659A7872328DFDF55509EC","554694481AB2023C4EF9082C","94259266700A3DE7B4283234","4BBCDE093A8DB7F05920FAFE"); "buildRules" = (); "dependencies" = ("65A928AA2BD8AE47720A5E0E"); "name" = "VoiceWatch"; "productName" = "VoiceWatch"; "productReference" = "6AFEACA7E602C405ED5660CB"; "productType" = "com.apple.product-type.application"; }; "002E2CFBB1F78B083F540B05" = { "isa" = "PBXFileReference"; "lastKnownFileType" = "sourcecode.swift"; "path" = "WatchWidgets/VoiceComplications.swift"; "sourceTree" = "<group>"; }; "9ECC33254CDA1BA8650A8896" = { "isa" = "PBXBuildFile"; "fileRef" = "002E2CFBB1F78B083F540B05"; }; "30182B0DB2BC0E7412660EFB" = { "isa" = "PBXBuildFile"; "fileRef" = "7964851A25DB513278F96CEF"; }; "466FE98F7E88C5CB71B8D294" = { "isa" = "PBXSourcesBuildPhase"; "buildActionMask" = "2147483647"; "files" = ("9ECC33254CDA1BA8650A8896","30182B0DB2BC0E7412660EFB"); "runOnlyForDeploymentPostprocessing" = "0"; }; "A75121534CFC44B5BC43F173" = { "isa" = "PBXFileReference"; "explicitFileType" = "wrapper.app-extension"; "includeInIndex" = "0"; "path" = "VoiceComplications.appex"; "sourceTree" = "BUILT_PRODUCTS_DIR"; }; "57CECBE8223411011F9A3565" = { "isa" = "XCBuildConfiguration"; "name" = "Debug"; "buildSettings" = { "PRODUCT_NAME" = "VoiceComplications"; "PRODUCT_BUNDLE_IDENTIFIER" = "de.localvoice.prototype.watchkitapp.complications"; "INFOPLIST_FILE" = "VoiceComplications-Info.plist"; "SDKROOT" = "watchos"; "SWIFT_VERSION" = "5.0"; "TARGETED_DEVICE_FAMILY" = "4"; "CODE_SIGN_STYLE" = "Automatic"; "GENERATE_INFOPLIST_FILE" = "NO"; "SUPPORTED_PLATFORMS" = "watchos watchsimulator"; "WATCHOS_DEPLOYMENT_TARGET" = "26.0"; "APPLICATION_EXTENSION_API_ONLY" = "YES"; "SKIP_INSTALL" = "YES"; "LD_RUNPATH_SEARCH_PATHS" = "$(inherited) @executable_path/Frameworks @executable_path/../../Frameworks"; "SWIFT_OPTIMIZATION_LEVEL" = "-Onone"; "DEBUG_INFORMATION_FORMAT" = "dwarf"; "SWIFT_ACTIVE_COMPILATION_CONDITIONS" = "DEBUG"; }; }; "EA229FF6EF1EBC9C23CC1573" = { "isa" = "XCBuildConfiguration"; "name" = "Release"; "buildSettings" = { "PRODUCT_NAME" = "VoiceComplications"; "PRODUCT_BUNDLE_IDENTIFIER" = "de.localvoice.prototype.watchkitapp.complications"; "INFOPLIST_FILE" = "VoiceComplications-Info.plist"; "SDKROOT" = "watchos"; "SWIFT_VERSION" = "5.0"; "TARGETED_DEVICE_FAMILY" = "4"; "CODE_SIGN_STYLE" = "Automatic"; "GENERATE_INFOPLIST_FILE" = "NO"; "SUPPORTED_PLATFORMS" = "watchos watchsimulator"; "WATCHOS_DEPLOYMENT_TARGET" = "26.0"; "APPLICATION_EXTENSION_API_ONLY" = "YES"; "SKIP_INSTALL" = "YES"; "LD_RUNPATH_SEARCH_PATHS" = "$(inherited) @executable_path/Frameworks @executable_path/../../Frameworks"; "SWIFT_OPTIMIZATION_LEVEL" = "-O"; }; }; "0799BC85B6009DB5559BA134" = { "isa" = "XCConfigurationList"; "buildConfigurations" = ("57CECBE8223411011F9A3565","EA229FF6EF1EBC9C23CC1573"); "defaultConfigurationIsVisible" = "0"; "defaultConfigurationName" = "Debug"; }; "4A56CF46616460AE3AA317DD" = { "isa" = "PBXNativeTarget"; "buildConfigurationList" = "0799BC85B6009DB5559BA134"; "buildPhases" = ("466FE98F7E88C5CB71B8D294"); "buildRules" = (); "dependencies" = (); "name" = "VoiceComplications"; "productName" = "VoiceComplications"; "productReference" = "A75121534CFC44B5BC43F173"; "productType" = "com.apple.product-type.app-extension"; }; "EEA44307FD70CE3104497F78" = { "isa" = "PBXContainerItemProxy"; "containerPortal" = "98F54143AB4E86B28C3AFEE0"; "proxyType" = "1"; "remoteGlobalIDString" = "4A56CF46616460AE3AA317DD"; "remoteInfo" = "VoiceComplications"; }; "65A928AA2BD8AE47720A5E0E" = { "isa" = "PBXTargetDependency"; "target" = "4A56CF46616460AE3AA317DD"; "targetProxy" = "EEA44307FD70CE3104497F78"; }; "1BC919AF47E90EDF8DC8EA88" = { "isa" = "PBXBuildFile"; "fileRef" = "A75121534CFC44B5BC43F173"; "settings" = { "ATTRIBUTES" = ("RemoveHeadersOnCopy"); }; }; "4BBCDE093A8DB7F05920FAFE" = { "isa" = "PBXCopyFilesBuildPhase"; "buildActionMask" = "2147483647"; "dstPath" = ""; "dstSubfolderSpec" = "13"; "files" = ("1BC919AF47E90EDF8DC8EA88"); "name" = "Embed Watch Complications"; "runOnlyForDeploymentPostprocessing" = "0"; }; "BE4A4EB02FFC4382809B45DE" = { "isa" = "PBXContainerItemProxy"; "containerPortal" = "98F54143AB4E86B28C3AFEE0"; "proxyType" = "1"; "remoteGlobalIDString" = "B2478F9F43411C4E58DA506C"; "remoteInfo" = "VoiceWatch"; }; "F895A9E636932414E5B79B0A" = { "isa" = "PBXTargetDependency"; "target" = "B2478F9F43411C4E58DA506C"; "targetProxy" = "BE4A4EB02FFC4382809B45DE"; }; "D327E9DFCBFF9BAFE17382EB" = { "isa" = "PBXBuildFile"; "fileRef" = "6AFEACA7E602C405ED5660CB"; "settings" = { "ATTRIBUTES" = ("RemoveHeadersOnCopy"); }; }; "3737E4446274995550B63EFE" = { "isa" = "PBXCopyFilesBuildPhase"; "buildActionMask" = "2147483647"; "dstPath" = "$(CONTENTS_FOLDER_PATH)/Watch"; "dstSubfolderSpec" = "16"; "files" = ("D327E9DFCBFF9BAFE17382EB"); "name" = "Embed Watch Content"; "runOnlyForDeploymentPostprocessing" = "0"; }; "1A6FD283E481158721753796" = { "isa" = "PBXFileReference"; "lastKnownFileType" = "sourcecode.swift"; "path" = "UITests/VoiceUITests.swift"; "sourceTree" = "<group>"; }; "6D4D6BEA46C13C7D5D43B4D2" = { "isa" = "PBXBuildFile"; "fileRef" = "1A6FD283E481158721753796"; }; "0877DD2DB2D4F374FBB70A8C" = { "isa" = "PBXSourcesBuildPhase"; "buildActionMask" = "2147483647"; "files" = ("6D4D6BEA46C13C7D5D43B4D2"); "runOnlyForDeploymentPostprocessing" = "0"; }; "4C325962A69A26D332D559B6" = { "isa" = "PBXFileReference"; "explicitFileType" = "wrapper.cfbundle"; "includeInIndex" = "0"; "path" = "VoicePhoneUITests.xctest"; "sourceTree" = "BUILT_PRODUCTS_DIR"; }; "F2FD80459B372C7217095956" = { "isa" = "PBXContainerItemProxy"; "containerPortal" = "98F54143AB4E86B28C3AFEE0"; "proxyType" = "1"; "remoteGlobalIDString" = "131AD4438704C4AF049748E6"; "remoteInfo" = "VoicePhone"; }; "51D681C0B893481DB80FA9C4" = { "isa" = "PBXTargetDependency"; "target" = "131AD4438704C4AF049748E6"; "targetProxy" = "F2FD80459B372C7217095956"; }; "E25C06F12956F4E2373744EC" = { "isa" = "XCBuildConfiguration"; "name" = "Debug"; "buildSettings" = { "PRODUCT_NAME" = "VoicePhoneUITests"; "PRODUCT_BUNDLE_IDENTIFIER" = "de.localvoice.tests.voicephoneuitests"; "SDKROOT" = "iphoneos"; "SWIFT_VERSION" = "5.0"; "GENERATE_INFOPLIST_FILE" = "YES"; "TEST_TARGET_NAME" = "VoicePhone"; "IPHONEOS_DEPLOYMENT_TARGET" = "26.0"; "WATCHOS_DEPLOYMENT_TARGET" = "26.0"; "TARGETED_DEVICE_FAMILY" = "1"; "CODE_SIGN_STYLE" = "Automatic"; "SWIFT_OPTIMIZATION_LEVEL" = "-Onone"; "DEBUG_INFORMATION_FORMAT" = "dwarf"; "SWIFT_ACTIVE_COMPILATION_CONDITIONS" = "DEBUG"; }; }; "CFB6C41C3AC5DCCECBDAF6EC" = { "isa" = "XCBuildConfiguration"; "name" = "Release"; "buildSettings" = { "PRODUCT_NAME" = "VoicePhoneUITests"; "PRODUCT_BUNDLE_IDENTIFIER" = "de.localvoice.tests.voicephoneuitests"; "SDKROOT" = "iphoneos"; "SWIFT_VERSION" = "5.0"; "GENERATE_INFOPLIST_FILE" = "YES"; "TEST_TARGET_NAME" = "VoicePhone"; "IPHONEOS_DEPLOYMENT_TARGET" = "26.0"; "WATCHOS_DEPLOYMENT_TARGET" = "26.0"; "TARGETED_DEVICE_FAMILY" = "1"; "CODE_SIGN_STYLE" = "Automatic"; "SWIFT_OPTIMIZATION_LEVEL" = "-O"; }; }; "C4A8CA757E6D13FF8379E5C6" = { "isa" = "XCConfigurationList"; "buildConfigurations" = ("E25C06F12956F4E2373744EC","CFB6C41C3AC5DCCECBDAF6EC"); "defaultConfigurationIsVisible" = "0"; "defaultConfigurationName" = "Debug"; }; "FD77ECD655771FF2C8893A88" = { "isa" = "PBXNativeTarget"; "buildConfigurationList" = "C4A8CA757E6D13FF8379E5C6"; "buildPhases" = ("0877DD2DB2D4F374FBB70A8C"); "buildRules" = (); "dependencies" = ("51D681C0B893481DB80FA9C4"); "name" = "VoicePhoneUITests"; "productName" = "VoicePhoneUITests"; "productReference" = "4C325962A69A26D332D559B6"; "productType" = "com.apple.product-type.bundle.ui-testing"; }; "A248CC3FD0802B183777BC6B" = { "isa" = "PBXBuildFile"; "fileRef" = "1A6FD283E481158721753796"; }; "6F5DA30E74D110BA77FF9B77" = { "isa" = "PBXSourcesBuildPhase"; "buildActionMask" = "2147483647"; "files" = ("A248CC3FD0802B183777BC6B"); "runOnlyForDeploymentPostprocessing" = "0"; }; "6212D52A1A9908C84B49E1CE" = { "isa" = "PBXFileReference"; "explicitFileType" = "wrapper.cfbundle"; "includeInIndex" = "0"; "path" = "VoiceWatchUITests.xctest"; "sourceTree" = "BUILT_PRODUCTS_DIR"; }; "F15F96C14D8EE6D923541859" = { "isa" = "PBXContainerItemProxy"; "containerPortal" = "98F54143AB4E86B28C3AFEE0"; "proxyType" = "1"; "remoteGlobalIDString" = "B2478F9F43411C4E58DA506C"; "remoteInfo" = "VoiceWatch"; }; "E107012371E55B35CB93D251" = { "isa" = "PBXTargetDependency"; "target" = "B2478F9F43411C4E58DA506C"; "targetProxy" = "F15F96C14D8EE6D923541859"; }; "14678A8743968A1FD53A5E4A" = { "isa" = "XCBuildConfiguration"; "name" = "Debug"; "buildSettings" = { "PRODUCT_NAME" = "VoiceWatchUITests"; "PRODUCT_BUNDLE_IDENTIFIER" = "de.localvoice.tests.voicewatchuitests"; "SDKROOT" = "watchos"; "SWIFT_VERSION" = "5.0"; "GENERATE_INFOPLIST_FILE" = "YES"; "TEST_TARGET_NAME" = "VoiceWatch"; "IPHONEOS_DEPLOYMENT_TARGET" = "26.0"; "WATCHOS_DEPLOYMENT_TARGET" = "26.0"; "TARGETED_DEVICE_FAMILY" = "4"; "CODE_SIGN_STYLE" = "Automatic"; "SWIFT_OPTIMIZATION_LEVEL" = "-Onone"; "DEBUG_INFORMATION_FORMAT" = "dwarf"; "SWIFT_ACTIVE_COMPILATION_CONDITIONS" = "DEBUG"; }; }; "C88CDBA63FC9EA8C3A23D93E" = { "isa" = "XCBuildConfiguration"; "name" = "Release"; "buildSettings" = { "PRODUCT_NAME" = "VoiceWatchUITests"; "PRODUCT_BUNDLE_IDENTIFIER" = "de.localvoice.tests.voicewatchuitests"; "SDKROOT" = "watchos"; "SWIFT_VERSION" = "5.0"; "GENERATE_INFOPLIST_FILE" = "YES"; "TEST_TARGET_NAME" = "VoiceWatch"; "IPHONEOS_DEPLOYMENT_TARGET" = "26.0"; "WATCHOS_DEPLOYMENT_TARGET" = "26.0"; "TARGETED_DEVICE_FAMILY" = "4"; "CODE_SIGN_STYLE" = "Automatic"; "SWIFT_OPTIMIZATION_LEVEL" = "-O"; }; }; "AB3CBC24A8A74876E937D30C" = { "isa" = "XCConfigurationList"; "buildConfigurations" = ("14678A8743968A1FD53A5E4A","C88CDBA63FC9EA8C3A23D93E"); "defaultConfigurationIsVisible" = "0"; "defaultConfigurationName" = "Debug"; }; "76360698454A30CA49B84BE1" = { "isa" = "PBXNativeTarget"; "buildConfigurationList" = "AB3CBC24A8A74876E937D30C"; "buildPhases" = ("6F5DA30E74D110BA77FF9B77"); "buildRules" = (); "dependencies" = ("E107012371E55B35CB93D251"); "name" = "VoiceWatchUITests"; "productName" = "VoiceWatchUITests"; "productReference" = "6212D52A1A9908C84B49E1CE"; "productType" = "com.apple.product-type.bundle.ui-testing"; }; "5ABED86EF74FFC71A7D8927F" = { "isa" = "PBXFileReference"; "lastKnownFileType" = "sourcecode.swift"; "path" = "UITests/SimulatorControlsTests.swift"; "sourceTree" = "<group>"; }; "B883E16301805CDE31832A72" = { "isa" = "PBXBuildFile"; "fileRef" = "5ABED86EF74FFC71A7D8927F"; }; "08130247A8823CF7248FBB05" = { "isa" = "PBXSourcesBuildPhase"; "buildActionMask" = "2147483647"; "files" = ("B883E16301805CDE31832A72"); "runOnlyForDeploymentPostprocessing" = "0"; }; "8FBDD005EC0646F17A35701C" = { "isa" = "PBXFileReference"; "explicitFileType" = "wrapper.cfbundle"; "includeInIndex" = "0"; "path" = "SimulatorControlsUITests.xctest"; "sourceTree" = "BUILT_PRODUCTS_DIR"; }; "C3D3818DF42CB66878564EC0" = { "isa" = "XCBuildConfiguration"; "name" = "Debug"; "buildSettings" = { "PRODUCT_NAME" = "SimulatorControlsUITests"; "PRODUCT_BUNDLE_IDENTIFIER" = "de.localvoice.tests.simulatorcontrols"; "SDKROOT" = "macosx"; "SWIFT_VERSION" = "5.0"; "GENERATE_INFOPLIST_FILE" = "YES"; "MACOSX_DEPLOYMENT_TARGET" = "15.0"; "CODE_SIGN_IDENTITY" = "-"; "CODE_SIGN_STYLE" = "Manual"; "SWIFT_OPTIMIZATION_LEVEL" = "-Onone"; "DEBUG_INFORMATION_FORMAT" = "dwarf"; "SWIFT_ACTIVE_COMPILATION_CONDITIONS" = "DEBUG"; }; }; "61D9C6C87446AD9E2813D220" = { "isa" = "XCBuildConfiguration"; "name" = "Release"; "buildSettings" = { "PRODUCT_NAME" = "SimulatorControlsUITests"; "PRODUCT_BUNDLE_IDENTIFIER" = "de.localvoice.tests.simulatorcontrols"; "SDKROOT" = "macosx"; "SWIFT_VERSION" = "5.0"; "GENERATE_INFOPLIST_FILE" = "YES"; "MACOSX_DEPLOYMENT_TARGET" = "15.0"; "CODE_SIGN_IDENTITY" = "-"; "CODE_SIGN_STYLE" = "Manual"; "SWIFT_OPTIMIZATION_LEVEL" = "-O"; }; }; "F8C4C85DDA5C677F3750EC05" = { "isa" = "XCConfigurationList"; "buildConfigurations" = ("C3D3818DF42CB66878564EC0","61D9C6C87446AD9E2813D220"); "defaultConfigurationIsVisible" = "0"; "defaultConfigurationName" = "Debug"; }; "86A3FE92318CF3F837E4A475" = { "isa" = "PBXNativeTarget"; "buildConfigurationList" = "F8C4C85DDA5C677F3750EC05"; "buildPhases" = ("08130247A8823CF7248FBB05"); "buildRules" = (); "dependencies" = (); "name" = "SimulatorControlsUITests"; "productName" = "SimulatorControlsUITests"; "productReference" = "8FBDD005EC0646F17A35701C"; "productType" = "com.apple.product-type.bundle.ui-testing"; }; "FBDC4F23F93125BBEEAE800C" = { "isa" = "PBXGroup"; "children" = ("E4567AA8B741B4AFE08DB80D","6AFEACA7E602C405ED5660CB","A75121534CFC44B5BC43F173","4C325962A69A26D332D559B6","6212D52A1A9908C84B49E1CE","8FBDD005EC0646F17A35701C"); "name" = "Products"; "sourceTree" = "<group>"; }; "64292B1C2B2E13EAD8788FC8" = { "isa" = "PBXGroup"; "children" = ("93AA47246719041A1D8C22B3","CD32C370EE26F454119B1DEB","1D84E20EF1B481360D9BD4F0","226238C4DA0F58536977072B","7964851A25DB513278F96CEF","F39EA5AE545EAA56B385C3C0","E7F2A5F55BCACAA4DD4798C2","DD54FCB9079085D2DDD2F2A0","E8F374742C2155922813D0AF","E637635E21BB0CB01A3A3B56","48D92BA3DF269EBB9B5614C8","2425DEBE1A967F71C421D499","4AECC7269A68FA5790D86D99","93F37C75DEC19DCBAB9CA01C","1FD1C370A26D02BBADE52F86","6CD480431238C632BE3B935F","628C2A90778E7022907D5318","F5829E5A2AA74C3BC592B241","46400502F55B6556A2AC9F90","D5896EA44961339F35970260","4FD04D685B8689C3B8D48C04","71007C43EBC3DE2F7C5E81EB","BA3F62E423C4FEB3158D2D65","ECFA044EC4FD628B68DFDCE9","D6CCE11B6978FCC57C4B95D4","C7011B63688BDC84F5734821","5AA56A9F3F9D3D141E6DC7C0","002E2CFBB1F78B083F540B05","1A6FD283E481158721753796","5ABED86EF74FFC71A7D8927F","FBDC4F23F93125BBEEAE800C"); "sourceTree" = "<group>"; }; "89E1FD6268CC0F221A2BE178" = { "isa" = "XCBuildConfiguration"; "name" = "Debug"; "buildSettings" = { "CLANG_ENABLE_MODULES" = "YES"; "SWIFT_OPTIMIZATION_LEVEL" = "-Onone"; "DEBUG_INFORMATION_FORMAT" = "dwarf"; "SWIFT_ACTIVE_COMPILATION_CONDITIONS" = "DEBUG"; }; }; "E6DE6C99132752C914FEF632" = { "isa" = "XCBuildConfiguration"; "name" = "Release"; "buildSettings" = { "CLANG_ENABLE_MODULES" = "YES"; "SWIFT_OPTIMIZATION_LEVEL" = "-O"; }; }; "862894B703A6DEDF96A9DD6C" = { "isa" = "XCConfigurationList"; "buildConfigurations" = ("89E1FD6268CC0F221A2BE178","E6DE6C99132752C914FEF632"); "defaultConfigurationIsVisible" = "0"; "defaultConfigurationName" = "Debug"; }; "98F54143AB4E86B28C3AFEE0" = { "isa" = "PBXProject"; "attributes" = { "LastUpgradeCheck" = "2630"; "BuildIndependentTargetsInParallel" = "YES"; }; "buildConfigurationList" = "862894B703A6DEDF96A9DD6C"; "compatibilityVersion" = "Xcode 14.0"; "developmentRegion" = "de"; "hasScannedForEncodings" = "0"; "knownRegions" = ("de","en","Base"); "mainGroup" = "64292B1C2B2E13EAD8788FC8"; "productRefGroup" = "FBDC4F23F93125BBEEAE800C"; "projectDirPath" = ""; "projectRoot" = ""; "targets" = ("131AD4438704C4AF049748E6","B2478F9F43411C4E58DA506C","4A56CF46616460AE3AA317DD","FD77ECD655771FF2C8893A88","76360698454A30CA49B84BE1","86A3FE92318CF3F837E4A475"); }; }; "rootObject" = "98F54143AB4E86B28C3AFEE0"; }
