// !$*UTF8*$!
{ "archiveVersion" = "1"; "classes" = {  }; "objectVersion" = "56"; "objects" = { "93AA47246719041A1D8C22B3" = { "isa" = "PBXFileReference"; "lastKnownFileType" = "sourcecode.swift"; "path" = "Shared/VoiceApp.swift"; "sourceTree" = "<group>"; }; "38AB8195E1DDEEE10684154F" = { "isa" = "PBXBuildFile"; "fileRef" = "93AA47246719041A1D8C22B3"; }; "CD32C370EE26F454119B1DEB" = { "isa" = "PBXFileReference"; "lastKnownFileType" = "sourcecode.swift"; "path" = "Shared/VoiceModel.swift"; "sourceTree" = "<group>"; }; "6322EE67EF05038065480347" = { "isa" = "PBXBuildFile"; "fileRef" = "CD32C370EE26F454119B1DEB"; }; "F39EA5AE545EAA56B385C3C0" = { "isa" = "PBXFileReference"; "lastKnownFileType" = "sourcecode.swift"; "path" = "VoiceCore/Sources/VoiceCore/Store.swift"; "sourceTree" = "<group>"; }; "993019843EC17304BED6542D" = { "isa" = "PBXBuildFile"; "fileRef" = "F39EA5AE545EAA56B385C3C0"; }; "E7F2A5F55BCACAA4DD4798C2" = { "isa" = "PBXFileReference"; "lastKnownFileType" = "sourcecode.swift"; "path" = "VoiceCore/Sources/VoiceCore/Envelope.swift"; "sourceTree" = "<group>"; }; "067F7CB579F3CED13C2B84AD" = { "isa" = "PBXBuildFile"; "fileRef" = "E7F2A5F55BCACAA4DD4798C2"; }; "6CD480431238C632BE3B935F" = { "isa" = "PBXFileReference"; "lastKnownFileType" = "sourcecode.swift"; "path" = "iPhone/LocalProviders.swift"; "sourceTree" = "<group>"; }; "E0FA76B1BBBCF62EFB002A65" = { "isa" = "PBXBuildFile"; "fileRef" = "6CD480431238C632BE3B935F"; }; "9DA8FA1080C85C8055C88789" = { "isa" = "PBXSourcesBuildPhase"; "buildActionMask" = "2147483647"; "files" = ("38AB8195E1DDEEE10684154F","6322EE67EF05038065480347","993019843EC17304BED6542D","067F7CB579F3CED13C2B84AD","E0FA76B1BBBCF62EFB002A65"); "runOnlyForDeploymentPostprocessing" = "0"; }; "F8C497956D6D0B3A299D97C3" = { "isa" = "PBXFrameworksBuildPhase"; "buildActionMask" = "2147483647"; "files" = (); "runOnlyForDeploymentPostprocessing" = "0"; }; "E4567AA8B741B4AFE08DB80D" = { "isa" = "PBXFileReference"; "explicitFileType" = "wrapper.application"; "includeInIndex" = "0"; "path" = "VoicePhone.app"; "sourceTree" = "BUILT_PRODUCTS_DIR"; }; "6AD395B43922CFAB9D866852" = { "isa" = "XCBuildConfiguration"; "name" = "Debug"; "buildSettings" = { "PRODUCT_NAME" = "VoicePhone"; "PRODUCT_BUNDLE_IDENTIFIER" = "de.localvoice.prototype"; "INFOPLIST_FILE" = "VoicePhone-Info.plist"; "SDKROOT" = "iphoneos"; "SWIFT_VERSION" = "5.0"; "TARGETED_DEVICE_FAMILY" = "1"; "CODE_SIGN_STYLE" = "Automatic"; "GENERATE_INFOPLIST_FILE" = "NO"; "SUPPORTED_PLATFORMS" = "iphoneos iphonesimulator"; "IPHONEOS_DEPLOYMENT_TARGET" = "26.0"; "WATCHOS_DEPLOYMENT_TARGET" = "26.0"; "ENABLE_USER_SCRIPT_SANDBOXING" = "YES"; "SWIFT_OPTIMIZATION_LEVEL" = "-Onone"; "DEBUG_INFORMATION_FORMAT" = "dwarf"; "SWIFT_ACTIVE_COMPILATION_CONDITIONS" = "DEBUG"; }; }; "F02DD5AFB2C6EC4AC8595C89" = { "isa" = "XCBuildConfiguration"; "name" = "Release"; "buildSettings" = { "PRODUCT_NAME" = "VoicePhone"; "PRODUCT_BUNDLE_IDENTIFIER" = "de.localvoice.prototype"; "INFOPLIST_FILE" = "VoicePhone-Info.plist"; "SDKROOT" = "iphoneos"; "SWIFT_VERSION" = "5.0"; "TARGETED_DEVICE_FAMILY" = "1"; "CODE_SIGN_STYLE" = "Automatic"; "GENERATE_INFOPLIST_FILE" = "NO"; "SUPPORTED_PLATFORMS" = "iphoneos iphonesimulator"; "IPHONEOS_DEPLOYMENT_TARGET" = "26.0"; "WATCHOS_DEPLOYMENT_TARGET" = "26.0"; "ENABLE_USER_SCRIPT_SANDBOXING" = "YES"; "SWIFT_OPTIMIZATION_LEVEL" = "-O"; }; }; "6B5AA7D88B0D0E97700CD463" = { "isa" = "XCConfigurationList"; "buildConfigurations" = ("6AD395B43922CFAB9D866852","F02DD5AFB2C6EC4AC8595C89"); "defaultConfigurationIsVisible" = "0"; "defaultConfigurationName" = "Debug"; }; "131AD4438704C4AF049748E6" = { "isa" = "PBXNativeTarget"; "buildConfigurationList" = "6B5AA7D88B0D0E97700CD463"; "buildPhases" = ("9DA8FA1080C85C8055C88789","F8C497956D6D0B3A299D97C3","3737E4446274995550B63EFE"); "buildRules" = (); "dependencies" = ("F895A9E636932414E5B79B0A"); "name" = "VoicePhone"; "productName" = "VoicePhone"; "productReference" = "E4567AA8B741B4AFE08DB80D"; "productType" = "com.apple.product-type.application"; }; "B22BECE1B66B26009C0DF417" = { "isa" = "PBXBuildFile"; "fileRef" = "93AA47246719041A1D8C22B3"; }; "4E810740A917EC95E72EB02D" = { "isa" = "PBXBuildFile"; "fileRef" = "CD32C370EE26F454119B1DEB"; }; "0D3F9368F8480C8423DF7211" = { "isa" = "PBXBuildFile"; "fileRef" = "F39EA5AE545EAA56B385C3C0"; }; "5B1B70C0FC85BC1D368A1AD6" = { "isa" = "PBXBuildFile"; "fileRef" = "E7F2A5F55BCACAA4DD4798C2"; }; "D7659A7872328DFDF55509EC" = { "isa" = "PBXSourcesBuildPhase"; "buildActionMask" = "2147483647"; "files" = ("B22BECE1B66B26009C0DF417","4E810740A917EC95E72EB02D","0D3F9368F8480C8423DF7211","5B1B70C0FC85BC1D368A1AD6"); "runOnlyForDeploymentPostprocessing" = "0"; }; "554694481AB2023C4EF9082C" = { "isa" = "PBXFrameworksBuildPhase"; "buildActionMask" = "2147483647"; "files" = (); "runOnlyForDeploymentPostprocessing" = "0"; }; "6AFEACA7E602C405ED5660CB" = { "isa" = "PBXFileReference"; "explicitFileType" = "wrapper.application"; "includeInIndex" = "0"; "path" = "VoiceWatch.app"; "sourceTree" = "BUILT_PRODUCTS_DIR"; }; "039D97EE760964931415A67E" = { "isa" = "XCBuildConfiguration"; "name" = "Debug"; "buildSettings" = { "PRODUCT_NAME" = "VoiceWatch"; "PRODUCT_BUNDLE_IDENTIFIER" = "de.localvoice.prototype.watchkitapp"; "INFOPLIST_FILE" = "VoiceWatch-Info.plist"; "SDKROOT" = "watchos"; "SWIFT_VERSION" = "5.0"; "TARGETED_DEVICE_FAMILY" = "4"; "CODE_SIGN_STYLE" = "Automatic"; "GENERATE_INFOPLIST_FILE" = "NO"; "SUPPORTED_PLATFORMS" = "watchos watchsimulator"; "IPHONEOS_DEPLOYMENT_TARGET" = "26.0"; "WATCHOS_DEPLOYMENT_TARGET" = "26.0"; "ENABLE_USER_SCRIPT_SANDBOXING" = "YES"; "SWIFT_OPTIMIZATION_LEVEL" = "-Onone"; "DEBUG_INFORMATION_FORMAT" = "dwarf"; "SWIFT_ACTIVE_COMPILATION_CONDITIONS" = "DEBUG"; }; }; "87580951607C9CB2DA0901F6" = { "isa" = "XCBuildConfiguration"; "name" = "Release"; "buildSettings" = { "PRODUCT_NAME" = "VoiceWatch"; "PRODUCT_BUNDLE_IDENTIFIER" = "de.localvoice.prototype.watchkitapp"; "INFOPLIST_FILE" = "VoiceWatch-Info.plist"; "SDKROOT" = "watchos"; "SWIFT_VERSION" = "5.0"; "TARGETED_DEVICE_FAMILY" = "4"; "CODE_SIGN_STYLE" = "Automatic"; "GENERATE_INFOPLIST_FILE" = "NO"; "SUPPORTED_PLATFORMS" = "watchos watchsimulator"; "IPHONEOS_DEPLOYMENT_TARGET" = "26.0"; "WATCHOS_DEPLOYMENT_TARGET" = "26.0"; "ENABLE_USER_SCRIPT_SANDBOXING" = "YES"; "SWIFT_OPTIMIZATION_LEVEL" = "-O"; }; }; "8F5BA3D467CB738D8FF2DC92" = { "isa" = "XCConfigurationList"; "buildConfigurations" = ("039D97EE760964931415A67E","87580951607C9CB2DA0901F6"); "defaultConfigurationIsVisible" = "0"; "defaultConfigurationName" = "Debug"; }; "B2478F9F43411C4E58DA506C" = { "isa" = "PBXNativeTarget"; "buildConfigurationList" = "8F5BA3D467CB738D8FF2DC92"; "buildPhases" = ("D7659A7872328DFDF55509EC","554694481AB2023C4EF9082C"); "buildRules" = (); "dependencies" = (); "name" = "VoiceWatch"; "productName" = "VoiceWatch"; "productReference" = "6AFEACA7E602C405ED5660CB"; "productType" = "com.apple.product-type.application"; }; "BE4A4EB02FFC4382809B45DE" = { "isa" = "PBXContainerItemProxy"; "containerPortal" = "98F54143AB4E86B28C3AFEE0"; "proxyType" = "1"; "remoteGlobalIDString" = "B2478F9F43411C4E58DA506C"; "remoteInfo" = "VoiceWatch"; }; "F895A9E636932414E5B79B0A" = { "isa" = "PBXTargetDependency"; "target" = "B2478F9F43411C4E58DA506C"; "targetProxy" = "BE4A4EB02FFC4382809B45DE"; }; "D327E9DFCBFF9BAFE17382EB" = { "isa" = "PBXBuildFile"; "fileRef" = "6AFEACA7E602C405ED5660CB"; "settings" = { "ATTRIBUTES" = ("RemoveHeadersOnCopy"); }; }; "3737E4446274995550B63EFE" = { "isa" = "PBXCopyFilesBuildPhase"; "buildActionMask" = "2147483647"; "dstPath" = "$(CONTENTS_FOLDER_PATH)/Watch"; "dstSubfolderSpec" = "16"; "files" = ("D327E9DFCBFF9BAFE17382EB"); "name" = "Embed Watch Content"; "runOnlyForDeploymentPostprocessing" = "0"; }; "FBDC4F23F93125BBEEAE800C" = { "isa" = "PBXGroup"; "children" = ("E4567AA8B741B4AFE08DB80D","6AFEACA7E602C405ED5660CB"); "name" = "Products"; "sourceTree" = "<group>"; }; "64292B1C2B2E13EAD8788FC8" = { "isa" = "PBXGroup"; "children" = ("93AA47246719041A1D8C22B3","CD32C370EE26F454119B1DEB","F39EA5AE545EAA56B385C3C0","E7F2A5F55BCACAA4DD4798C2","6CD480431238C632BE3B935F","FBDC4F23F93125BBEEAE800C"); "sourceTree" = "<group>"; }; "89E1FD6268CC0F221A2BE178" = { "isa" = "XCBuildConfiguration"; "name" = "Debug"; "buildSettings" = { "CLANG_ENABLE_MODULES" = "YES"; "SWIFT_OPTIMIZATION_LEVEL" = "-Onone"; "DEBUG_INFORMATION_FORMAT" = "dwarf"; "SWIFT_ACTIVE_COMPILATION_CONDITIONS" = "DEBUG"; }; }; "E6DE6C99132752C914FEF632" = { "isa" = "XCBuildConfiguration"; "name" = "Release"; "buildSettings" = { "CLANG_ENABLE_MODULES" = "YES"; "SWIFT_OPTIMIZATION_LEVEL" = "-O"; }; }; "862894B703A6DEDF96A9DD6C" = { "isa" = "XCConfigurationList"; "buildConfigurations" = ("89E1FD6268CC0F221A2BE178","E6DE6C99132752C914FEF632"); "defaultConfigurationIsVisible" = "0"; "defaultConfigurationName" = "Debug"; }; "98F54143AB4E86B28C3AFEE0" = { "isa" = "PBXProject"; "attributes" = { "LastUpgradeCheck" = "2630"; "BuildIndependentTargetsInParallel" = "YES"; }; "buildConfigurationList" = "862894B703A6DEDF96A9DD6C"; "compatibilityVersion" = "Xcode 14.0"; "developmentRegion" = "de"; "hasScannedForEncodings" = "0"; "knownRegions" = ("de","en","Base"); "mainGroup" = "64292B1C2B2E13EAD8788FC8"; "productRefGroup" = "FBDC4F23F93125BBEEAE800C"; "projectDirPath" = ""; "projectRoot" = ""; "targets" = ("131AD4438704C4AF049748E6","B2478F9F43411C4E58DA506C"); }; }; "rootObject" = "98F54143AB4E86B28C3AFEE0"; }
